
Microsoft Visual Studio Solution File, Format Version 12.00
# Visual Studio Version 17
VisualStudioVersion = 17.0.31903.59
MinimumVisualStudioVersion = 10.0.40219.1
Project("{FAE04EC0-301F-11D3-BF4B-00C04F79EFBC}") = "TIEMCHUNGCOVI19", "TIEMCHUNGCOVI19\TIEMCHUNGCOVI19.csproj", "{88AB46DB-5015-4C78-B3E3-7BE128E136EB}"
EndProject
Global
	GlobalSection(SolutionConfigurationPlatforms) = preSolution
		Debug|Any CPU = Debug|Any CPU
		Release|Any CPU = Release|Any CPU
	EndGlobalSection
	GlobalSection(ProjectConfigurationPlatforms) = postSolution
		{88AB46DB-5015-4C78-B3E3-7BE128E136EB}.Debug|Any CPU.ActiveCfg = Debug|Any CPU
		{88AB46DB-5015-4C78-B3E3-7BE128E136EB}.Debug|Any CPU.Build.0 = Debug|Any CPU
		{88AB46DB-5015-4C78-B3E3-7BE128E136EB}.Release|Any CPU.ActiveCfg = Release|Any CPU
		{88AB46DB-5015-4C78-B3E3-7BE128E136EB}.Release|Any CPU.Build.0 = Release|Any CPU
	EndGlobalSection
	GlobalSection(SolutionProperties) = preSolution
		HideSolutionNode = FALSE
	EndGlobalSection
	GlobalSection(ExtensibilityGlobals) = postSolution
		SolutionGuid = {83AD06BF-E36E-4628-BC04-BA1511C3D4BE}
	EndGlobalSection
EndGlobal
